
Microsoft Visual Studio Solution File, Format Version 12.00
# Visual Studio Version 17
VisualStudioVersion = 17.3.32804.467
MinimumVisualStudioVersion = 10.0.40219.1
Project("{FAE04EC0-301F-11D3-BF4B-00C04F79EFBC}") = "MicrofundamentoAPISWEBServices-fuel-manager", "MicrofundamentoAPISWEBServices-fuel-manager\MicrofundamentoAPISWEBServices-fuel-manager.csproj", "{F9AA7D4A-C2E5-4E77-9880-C014BDE25FBE}"
EndProject
Global
	GlobalSection(SolutionConfigurationPlatforms) = preSolution
		Debug|Any CPU = Debug|Any CPU
		Release|Any CPU = Release|Any CPU
	EndGlobalSection
	GlobalSection(ProjectConfigurationPlatforms) = postSolution
		{F9AA7D4A-C2E5-4E77-9880-C014BDE25FBE}.Debug|Any CPU.ActiveCfg = Debug|Any CPU
		{F9AA7D4A-C2E5-4E77-9880-C014BDE25FBE}.Debug|Any CPU.Build.0 = Debug|Any CPU
		{F9AA7D4A-C2E5-4E77-9880-C014BDE25FBE}.Release|Any CPU.ActiveCfg = Release|Any CPU
		{F9AA7D4A-C2E5-4E77-9880-C014BDE25FBE}.Release|Any CPU.Build.0 = Release|Any CPU
	EndGlobalSection
	GlobalSection(SolutionProperties) = preSolution
		HideSolutionNode = FALSE
	EndGlobalSection
	GlobalSection(ExtensibilityGlobals) = postSolution
		SolutionGuid = {0115EA8E-3250-4010-BE42-BB74E9AB37A0}
	EndGlobalSection
EndGlobal
